
Microsoft Visual Studio Solution File, Format Version 12.00
# Visual Studio 15
VisualStudioVersion = 15.0.27004.2005
MinimumVisualStudioVersion = 10.0.40219.1
Project("{FAE04EC0-301F-11D3-BF4B-00C04F79EFBC}") = "LTM.School", "LTM.School\LTM.School.csproj", "{59F65C0D-554E-4B81-832C-2AFF99A0EAA2}"
EndProject
Global
	GlobalSection(SolutionConfigurationPlatforms) = preSolution
		Debug|Any CPU = Debug|Any CPU
		Release|Any CPU = Release|Any CPU
	EndGlobalSection
	GlobalSection(ProjectConfigurationPlatforms) = postSolution
		{59F65C0D-554E-4B81-832C-2AFF99A0EAA2}.Debug|Any CPU.ActiveCfg = Debug|Any CPU
		{59F65C0D-554E-4B81-832C-2AFF99A0EAA2}.Debug|Any CPU.Build.0 = Debug|Any CPU
		{59F65C0D-554E-4B81-832C-2AFF99A0EAA2}.Release|Any CPU.ActiveCfg = Release|Any CPU
		{59F65C0D-554E-4B81-832C-2AFF99A0EAA2}.Release|Any CPU.Build.0 = Release|Any CPU
	EndGlobalSection
	GlobalSection(SolutionProperties) = preSolution
		HideSolutionNode = FALSE
	EndGlobalSection
	GlobalSection(ExtensibilityGlobals) = postSolution
		SolutionGuid = {2A920354-2D17-4B9C-AD39-54A969B4E8AA}
	EndGlobalSection
EndGlobal
